
Microsoft Visual Studio Solution File, Format Version 12.00
# Visual Studio Version 17
VisualStudioVersion = 17.10.34928.147
MinimumVisualStudioVersion = 10.0.40219.1
Project("{FAE04EC0-301F-11D3-BF4B-00C04F79EFBC}") = "RevitPlugIn", "RevitPlugIn\RevitPlugIn.csproj", "{A9BB2A4B-1C08-48A2-81EA-19DBF4E9F443}"
EndProject
Project("{9A19103F-16F7-4668-BE54-9A1E7A4F7556}") = "RevitPlugInV2", "RevitPlugInV2\RevitPlugInV2.csproj", "{73620A75-611D-459F-8933-31B52E66D2DE}"
EndProject
Project("{54435603-DBB4-11D2-8724-00A0C9A8B90C}") = "RevitPlugInSetup", "RevitPlugInSetup\RevitPlugInSetup.vdproj", "{BBDCA5AE-8EF5-4F88-99FA-18850580E3C2}"
EndProject
Global
	GlobalSection(SolutionConfigurationPlatforms) = preSolution
		Debug|Any CPU = Debug|Any CPU
		Debug|x64 = Debug|x64
		Release|Any CPU = Release|Any CPU
		Release|x64 = Release|x64
	EndGlobalSection
	GlobalSection(ProjectConfigurationPlatforms) = postSolution
		{A9BB2A4B-1C08-48A2-81EA-19DBF4E9F443}.Debug|Any CPU.ActiveCfg = Debug|Any CPU
		{A9BB2A4B-1C08-48A2-81EA-19DBF4E9F443}.Debug|Any CPU.Build.0 = Debug|Any CPU
		{A9BB2A4B-1C08-48A2-81EA-19DBF4E9F443}.Debug|x64.ActiveCfg = Debug|x64
		{A9BB2A4B-1C08-48A2-81EA-19DBF4E9F443}.Debug|x64.Build.0 = Debug|x64
		{A9BB2A4B-1C08-48A2-81EA-19DBF4E9F443}.Release|Any CPU.ActiveCfg = Release|Any CPU
		{A9BB2A4B-1C08-48A2-81EA-19DBF4E9F443}.Release|Any CPU.Build.0 = Release|Any CPU
		{A9BB2A4B-1C08-48A2-81EA-19DBF4E9F443}.Release|x64.ActiveCfg = Release|x64
		{A9BB2A4B-1C08-48A2-81EA-19DBF4E9F443}.Release|x64.Build.0 = Release|x64
		{73620A75-611D-459F-8933-31B52E66D2DE}.Debug|Any CPU.ActiveCfg = Debug|Any CPU
		{73620A75-611D-459F-8933-31B52E66D2DE}.Debug|Any CPU.Build.0 = Debug|Any CPU
		{73620A75-611D-459F-8933-31B52E66D2DE}.Debug|x64.ActiveCfg = Debug|Any CPU
		{73620A75-611D-459F-8933-31B52E66D2DE}.Debug|x64.Build.0 = Debug|Any CPU
		{73620A75-611D-459F-8933-31B52E66D2DE}.Release|Any CPU.ActiveCfg = Release|Any CPU
		{73620A75-611D-459F-8933-31B52E66D2DE}.Release|Any CPU.Build.0 = Release|Any CPU
		{73620A75-611D-459F-8933-31B52E66D2DE}.Release|x64.ActiveCfg = Release|Any CPU
		{73620A75-611D-459F-8933-31B52E66D2DE}.Release|x64.Build.0 = Release|Any CPU
		{BBDCA5AE-8EF5-4F88-99FA-18850580E3C2}.Debug|Any CPU.ActiveCfg = Debug
		{BBDCA5AE-8EF5-4F88-99FA-18850580E3C2}.Debug|x64.ActiveCfg = Debug
		{BBDCA5AE-8EF5-4F88-99FA-18850580E3C2}.Debug|x64.Build.0 = Debug
		{BBDCA5AE-8EF5-4F88-99FA-18850580E3C2}.Release|Any CPU.ActiveCfg = Release
		{BBDCA5AE-8EF5-4F88-99FA-18850580E3C2}.Release|x64.ActiveCfg = Release
		{BBDCA5AE-8EF5-4F88-99FA-18850580E3C2}.Release|x64.Build.0 = Release
	EndGlobalSection
	GlobalSection(SolutionProperties) = preSolution
		HideSolutionNode = FALSE
	EndGlobalSection
	GlobalSection(ExtensibilityGlobals) = postSolution
		SolutionGuid = {12497886-6C71-4EF3-AA10-43B785DC8B3C}
	EndGlobalSection
EndGlobal
